
Microsoft Visual Studio Solution File, Format Version 12.00
# Visual Studio Version 17
VisualStudioVersion = 17.5.002.0
MinimumVisualStudioVersion = 10.0.40219.1
Project("{9A19103F-16F7-4668-BE54-9A1E7A4F7556}") = "Ghibli", "Ghibli\Ghibli.csproj", "{9CCFA2AE-818E-4A8B-B2C4-BD54CA246A79}"
EndProject
Project("{FAE04EC0-301F-11D3-BF4B-00C04F79EFBC}") = "Ghibli.PersistenciaDapper", "Ghibli.PersistenciaDapper\Ghibli.PersistenciaDapper.csproj", "{9398F8F7-89C1-4786-B5D6-8855FDFE35DC}"
EndProject
Project("{FAE04EC0-301F-11D3-BF4B-00C04F79EFBC}") = "Ghibli.PersistenciaDapper.Test", "Ghibli.PersistenciaDapper.Test\Ghibli.PersistenciaDapper.Test.csproj", "{091A9285-D697-4CB3-B1B1-4CFE8E154C90}"
EndProject
Global
	GlobalSection(SolutionConfigurationPlatforms) = preSolution
		Debug|Any CPU = Debug|Any CPU
		Release|Any CPU = Release|Any CPU
	EndGlobalSection
	GlobalSection(ProjectConfigurationPlatforms) = postSolution
		{9CCFA2AE-818E-4A8B-B2C4-BD54CA246A79}.Debug|Any CPU.ActiveCfg = Debug|Any CPU
		{9CCFA2AE-818E-4A8B-B2C4-BD54CA246A79}.Debug|Any CPU.Build.0 = Debug|Any CPU
		{9CCFA2AE-818E-4A8B-B2C4-BD54CA246A79}.Release|Any CPU.ActiveCfg = Release|Any CPU
		{9CCFA2AE-818E-4A8B-B2C4-BD54CA246A79}.Release|Any CPU.Build.0 = Release|Any CPU
		{9398F8F7-89C1-4786-B5D6-8855FDFE35DC}.Debug|Any CPU.ActiveCfg = Debug|Any CPU
		{9398F8F7-89C1-4786-B5D6-8855FDFE35DC}.Debug|Any CPU.Build.0 = Debug|Any CPU
		{9398F8F7-89C1-4786-B5D6-8855FDFE35DC}.Release|Any CPU.ActiveCfg = Release|Any CPU
		{9398F8F7-89C1-4786-B5D6-8855FDFE35DC}.Release|Any CPU.Build.0 = Release|Any CPU
		{091A9285-D697-4CB3-B1B1-4CFE8E154C90}.Debug|Any CPU.ActiveCfg = Debug|Any CPU
		{091A9285-D697-4CB3-B1B1-4CFE8E154C90}.Debug|Any CPU.Build.0 = Debug|Any CPU
		{091A9285-D697-4CB3-B1B1-4CFE8E154C90}.Release|Any CPU.ActiveCfg = Release|Any CPU
		{091A9285-D697-4CB3-B1B1-4CFE8E154C90}.Release|Any CPU.Build.0 = Release|Any CPU
	EndGlobalSection
	GlobalSection(SolutionProperties) = preSolution
		HideSolutionNode = FALSE
	EndGlobalSection
	GlobalSection(ExtensibilityGlobals) = postSolution
		SolutionGuid = {844C64F7-4DCF-42DE-8E9C-0E8DBCB27D64}
	EndGlobalSection
EndGlobal
